
Microsoft Visual Studio Solution File, Format Version 12.00
# Visual Studio 15
VisualStudioVersion = 15.0.27428.2037
MinimumVisualStudioVersion = 10.0.40219.1
Project("{FAE04EC0-301F-11D3-BF4B-00C04F79EFBC}") = "AstroPod", "AstroPod\AstroPod.csproj", "{AAADB993-5913-484F-894D-417A1B637E0E}"
EndProject
Global
	GlobalSection(SolutionConfigurationPlatforms) = preSolution
		Debug|Any CPU = Debug|Any CPU
		Release|Any CPU = Release|Any CPU
	EndGlobalSection
	GlobalSection(ProjectConfigurationPlatforms) = postSolution
		{AAADB993-5913-484F-894D-417A1B637E0E}.Debug|Any CPU.ActiveCfg = Debug|Any CPU
		{AAADB993-5913-484F-894D-417A1B637E0E}.Debug|Any CPU.Build.0 = Debug|Any CPU
		{AAADB993-5913-484F-894D-417A1B637E0E}.Release|Any CPU.ActiveCfg = Release|Any CPU
		{AAADB993-5913-484F-894D-417A1B637E0E}.Release|Any CPU.Build.0 = Release|Any CPU
	EndGlobalSection
	GlobalSection(SolutionProperties) = preSolution
		HideSolutionNode = FALSE
	EndGlobalSection
	GlobalSection(ExtensibilityGlobals) = postSolution
		SolutionGuid = {3490D694-F66B-46A5-945C-FC81774E8411}
	EndGlobalSection
EndGlobal
